
Microsoft Visual Studio Solution File, Format Version 12.00
# Visual Studio Version 17
VisualStudioVersion = 17.0.31903.59
MinimumVisualStudioVersion = 10.0.40219.1
Project("{FAE04EC0-301F-11D3-BF4B-00C04F79EFBC}") = "APIGateway", "APIGateway\APIGateway.csproj", "{02BBFF11-F99E-4E69-81F2-F6FBDE9A4E53}"
EndProject
Project("{2150E333-8FDC-42A3-9474-1A3956D46DE8}") = "AuthService", "AuthService", "{54C27F26-71CB-9721-02CF-9E5332C2F895}"
EndProject
Project("{2150E333-8FDC-42A3-9474-1A3956D46DE8}") = "AuthService.Core", "AuthService.Core", "{8A8981E2-D8CF-5738-EA28-465888CC77BE}"
EndProject
Project("{FAE04EC0-301F-11D3-BF4B-00C04F79EFBC}") = "AuthService.Core.Application", "AuthService\AuthService.Core\AuthService.Core.Application\AuthService.Core.Application.csproj", "{63741CF5-ED61-4445-80AE-B96265CB2DDD}"
EndProject
Project("{FAE04EC0-301F-11D3-BF4B-00C04F79EFBC}") = "AuthService.Core.Domain", "AuthService\AuthService.Core\AuthService.Core.Domain\AuthService.Core.Domain.csproj", "{C29208A2-C43B-45BE-9EF1-22B5B01ECC9E}"
EndProject
Project("{2150E333-8FDC-42A3-9474-1A3956D46DE8}") = "AuthService.Infrastructure", "AuthService.Infrastructure", "{279FC39F-F2FD-9AC2-7160-D811D2946CA3}"
EndProject
Project("{FAE04EC0-301F-11D3-BF4B-00C04F79EFBC}") = "AuthService.Infrastructure.Configuration", "AuthService\AuthService.Infrastructure\AuthService.Infrastructure.Configuration\AuthService.Infrastructure.Configuration.csproj", "{D037AC52-094F-458F-996A-11431537AB91}"
EndProject
Project("{FAE04EC0-301F-11D3-BF4B-00C04F79EFBC}") = "AuthService.Infrastructure.Persistence", "AuthService\AuthService.Infrastructure\AuthService.Infrastructure.Persistence\AuthService.Infrastructure.Persistence.csproj", "{DC3B924B-D26D-407C-8F5F-38AE12DD3689}"
EndProject
Project("{FAE04EC0-301F-11D3-BF4B-00C04F79EFBC}") = "AuthService.Infrastructure.Services", "AuthService\AuthService.Infrastructure\AuthService.Infrastructure.Services\AuthService.Infrastructure.Services.csproj", "{5D6A8377-3D96-4E3D-82D2-5B894F276630}"
EndProject
Project("{FAE04EC0-301F-11D3-BF4B-00C04F79EFBC}") = "AuthService.Presentation", "AuthService\AuthService.Presentation\AuthService.Presentation.csproj", "{3D892F18-D614-4ED5-A90A-49BF4AB016B4}"
EndProject
Project("{2150E333-8FDC-42A3-9474-1A3956D46DE8}") = "FacilityService", "FacilityService", "{09A3CD98-30D0-D550-8268-2DAE7250A6CE}"
EndProject
Project("{2150E333-8FDC-42A3-9474-1A3956D46DE8}") = "FacilityService.Core", "FacilityService.Core", "{8FEBD44B-8872-89EC-EC48-C2B4CBD207A1}"
EndProject
Project("{FAE04EC0-301F-11D3-BF4B-00C04F79EFBC}") = "FacilityService.Core.Domain", "FacilityService\FacilityService.Core\FacilityService.Core.Domain\FacilityService.Core.Domain.csproj", "{B36EE8CD-5077-4391-A012-400C82DAA0CE}"
EndProject
Project("{2150E333-8FDC-42A3-9474-1A3956D46DE8}") = "FacilityService.Infrastructure", "FacilityService.Infrastructure", "{B204DD80-FD69-0A91-5811-46DCC9137C25}"
EndProject
Project("{FAE04EC0-301F-11D3-BF4B-00C04F79EFBC}") = "FacilityService.Infrastructure.Persistence", "FacilityService\FacilityService.Infrastructure\FacilityService.Infrastructure.Persistence\FacilityService.Infrastructure.Persistence.csproj", "{5443280D-6765-4A88-A645-8BF154566B22}"
EndProject
Project("{FAE04EC0-301F-11D3-BF4B-00C04F79EFBC}") = "FacilityService.Presentation", "FacilityService\FacilityService.Presentation\FacilityService.Presentation.csproj", "{C7B7FE09-5F0C-42A2-B737-8B96ECB922CD}"
EndProject
Project("{FAE04EC0-301F-11D3-BF4B-00C04F79EFBC}") = "FacilityService.Infrastructure.Configuration", "FacilityService\FacilityService.Infrastructure\FacilityService.Infrastructure.Configuration\FacilityService.Infrastructure.Configuration.csproj", "{CF6D4411-9240-4393-9C8E-81A3FADD9CE8}"
EndProject
Project("{FAE04EC0-301F-11D3-BF4B-00C04F79EFBC}") = "SharedKernel", "SharedKernel\SharedKernel.csproj", "{7D1F02CB-E04C-4941-9A31-16F2239C34C3}"
EndProject
Project("{FAE04EC0-301F-11D3-BF4B-00C04F79EFBC}") = "FacilityService.Core.Application", "FacilityService\FacilityService.Core\FacilityService.Core.Application\FacilityService.Core.Application.csproj", "{1A736E30-C67F-4218-9AFF-AE7E2F55E58C}"
EndProject
Project("{FAE04EC0-301F-11D3-BF4B-00C04F79EFBC}") = "FacilityService.Infrastructure.Services", "FacilityService\FacilityService.Infrastructure\FacilityService.Infrastructure.Services\FacilityService.Infrastructure.Services.csproj", "{22DB88A3-2F33-4D81-96EC-15A5CC2D2205}"
EndProject
Project("{2150E333-8FDC-42A3-9474-1A3956D46DE8}") = "CourtService", "CourtService", "{7692A8B2-2E74-F41C-E710-8AE95D36E39B}"
EndProject
Project("{FAE04EC0-301F-11D3-BF4B-00C04F79EFBC}") = "CourtService.Presentation", "CourtService\CourtService.Presentation\CourtService.Presentation.csproj", "{8F903863-B257-47E6-9F5C-2F39D602B3B4}"
EndProject
Project("{2150E333-8FDC-42A3-9474-1A3956D46DE8}") = "CourtService.Infrastructure", "CourtService.Infrastructure", "{4DF0DACA-0AAF-7F73-908B-7241FAD972C3}"
EndProject
Project("{FAE04EC0-301F-11D3-BF4B-00C04F79EFBC}") = "CourtService.Infrastructure.Persistence", "CourtService\CourtService.Infrastructure\CourtService.Infrastructure.Persistence\CourtService.Infrastructure.Persistence.csproj", "{FA45ED1F-A98E-4E52-975D-07316C48911A}"
EndProject
Project("{2150E333-8FDC-42A3-9474-1A3956D46DE8}") = "CourtService.Core", "CourtService.Core", "{DF83A060-3040-B733-B9C6-0EA8EE7CACD5}"
EndProject
Project("{FAE04EC0-301F-11D3-BF4B-00C04F79EFBC}") = "CourtService.Core.Domain", "CourtService\CourtService.Core\CourtService.Core.Domain\CourtService.Core.Domain.csproj", "{E3E887A0-36D3-4F3C-B028-8B850A03882A}"
EndProject
Project("{FAE04EC0-301F-11D3-BF4B-00C04F79EFBC}") = "CourtService.Infrastructure.Configuration", "CourtService\CourtService.Infrastructure\CourtService.Infrastructure.Configuration\CourtService.Infrastructure.Configuration.csproj", "{3E3C6E92-F01C-48DA-9F42-343347C1444C}"
EndProject
Global
	GlobalSection(SolutionConfigurationPlatforms) = preSolution
		Debug|Any CPU = Debug|Any CPU
		Debug|x64 = Debug|x64
		Debug|x86 = Debug|x86
		Release|Any CPU = Release|Any CPU
		Release|x64 = Release|x64
		Release|x86 = Release|x86
	EndGlobalSection
	GlobalSection(ProjectConfigurationPlatforms) = postSolution
		{02BBFF11-F99E-4E69-81F2-F6FBDE9A4E53}.Debug|Any CPU.ActiveCfg = Debug|Any CPU
		{02BBFF11-F99E-4E69-81F2-F6FBDE9A4E53}.Debug|Any CPU.Build.0 = Debug|Any CPU
		{02BBFF11-F99E-4E69-81F2-F6FBDE9A4E53}.Debug|x64.ActiveCfg = Debug|Any CPU
		{02BBFF11-F99E-4E69-81F2-F6FBDE9A4E53}.Debug|x64.Build.0 = Debug|Any CPU
		{02BBFF11-F99E-4E69-81F2-F6FBDE9A4E53}.Debug|x86.ActiveCfg = Debug|Any CPU
		{02BBFF11-F99E-4E69-81F2-F6FBDE9A4E53}.Debug|x86.Build.0 = Debug|Any CPU
		{02BBFF11-F99E-4E69-81F2-F6FBDE9A4E53}.Release|Any CPU.ActiveCfg = Release|Any CPU
		{02BBFF11-F99E-4E69-81F2-F6FBDE9A4E53}.Release|Any CPU.Build.0 = Release|Any CPU
		{02BBFF11-F99E-4E69-81F2-F6FBDE9A4E53}.Release|x64.ActiveCfg = Release|Any CPU
		{02BBFF11-F99E-4E69-81F2-F6FBDE9A4E53}.Release|x64.Build.0 = Release|Any CPU
		{02BBFF11-F99E-4E69-81F2-F6FBDE9A4E53}.Release|x86.ActiveCfg = Release|Any CPU
		{02BBFF11-F99E-4E69-81F2-F6FBDE9A4E53}.Release|x86.Build.0 = Release|Any CPU
		{63741CF5-ED61-4445-80AE-B96265CB2DDD}.Debug|Any CPU.ActiveCfg = Debug|Any CPU
		{63741CF5-ED61-4445-80AE-B96265CB2DDD}.Debug|Any CPU.Build.0 = Debug|Any CPU
		{63741CF5-ED61-4445-80AE-B96265CB2DDD}.Debug|x64.ActiveCfg = Debug|Any CPU
		{63741CF5-ED61-4445-80AE-B96265CB2DDD}.Debug|x64.Build.0 = Debug|Any CPU
		{63741CF5-ED61-4445-80AE-B96265CB2DDD}.Debug|x86.ActiveCfg = Debug|Any CPU
		{63741CF5-ED61-4445-80AE-B96265CB2DDD}.Debug|x86.Build.0 = Debug|Any CPU
		{63741CF5-ED61-4445-80AE-B96265CB2DDD}.Release|Any CPU.ActiveCfg = Release|Any CPU
		{63741CF5-ED61-4445-80AE-B96265CB2DDD}.Release|Any CPU.Build.0 = Release|Any CPU
		{63741CF5-ED61-4445-80AE-B96265CB2DDD}.Release|x64.ActiveCfg = Release|Any CPU
		{63741CF5-ED61-4445-80AE-B96265CB2DDD}.Release|x64.Build.0 = Release|Any CPU
		{63741CF5-ED61-4445-80AE-B96265CB2DDD}.Release|x86.ActiveCfg = Release|Any CPU
		{63741CF5-ED61-4445-80AE-B96265CB2DDD}.Release|x86.Build.0 = Release|Any CPU
		{C29208A2-C43B-45BE-9EF1-22B5B01ECC9E}.Debug|Any CPU.ActiveCfg = Debug|Any CPU
		{C29208A2-C43B-45BE-9EF1-22B5B01ECC9E}.Debug|Any CPU.Build.0 = Debug|Any CPU
		{C29208A2-C43B-45BE-9EF1-22B5B01ECC9E}.Debug|x64.ActiveCfg = Debug|Any CPU
		{C29208A2-C43B-45BE-9EF1-22B5B01ECC9E}.Debug|x64.Build.0 = Debug|Any CPU
		{C29208A2-C43B-45BE-9EF1-22B5B01ECC9E}.Debug|x86.ActiveCfg = Debug|Any CPU
		{C29208A2-C43B-45BE-9EF1-22B5B01ECC9E}.Debug|x86.Build.0 = Debug|Any CPU
		{C29208A2-C43B-45BE-9EF1-22B5B01ECC9E}.Release|Any CPU.ActiveCfg = Release|Any CPU
		{C29208A2-C43B-45BE-9EF1-22B5B01ECC9E}.Release|Any CPU.Build.0 = Release|Any CPU
		{C29208A2-C43B-45BE-9EF1-22B5B01ECC9E}.Release|x64.ActiveCfg = Release|Any CPU
		{C29208A2-C43B-45BE-9EF1-22B5B01ECC9E}.Release|x64.Build.0 = Release|Any CPU
		{C29208A2-C43B-45BE-9EF1-22B5B01ECC9E}.Release|x86.ActiveCfg = Release|Any CPU
		{C29208A2-C43B-45BE-9EF1-22B5B01ECC9E}.Release|x86.Build.0 = Release|Any CPU
		{D037AC52-094F-458F-996A-11431537AB91}.Debug|Any CPU.ActiveCfg = Debug|Any CPU
		{D037AC52-094F-458F-996A-11431537AB91}.Debug|Any CPU.Build.0 = Debug|Any CPU
		{D037AC52-094F-458F-996A-11431537AB91}.Debug|x64.ActiveCfg = Debug|Any CPU
		{D037AC52-094F-458F-996A-11431537AB91}.Debug|x64.Build.0 = Debug|Any CPU
		{D037AC52-094F-458F-996A-11431537AB91}.Debug|x86.ActiveCfg = Debug|Any CPU
		{D037AC52-094F-458F-996A-11431537AB91}.Debug|x86.Build.0 = Debug|Any CPU
		{D037AC52-094F-458F-996A-11431537AB91}.Release|Any CPU.ActiveCfg = Release|Any CPU
		{D037AC52-094F-458F-996A-11431537AB91}.Release|Any CPU.Build.0 = Release|Any CPU
		{D037AC52-094F-458F-996A-11431537AB91}.Release|x64.ActiveCfg = Release|Any CPU
		{D037AC52-094F-458F-996A-11431537AB91}.Release|x64.Build.0 = Release|Any CPU
		{D037AC52-094F-458F-996A-11431537AB91}.Release|x86.ActiveCfg = Release|Any CPU
		{D037AC52-094F-458F-996A-11431537AB91}.Release|x86.Build.0 = Release|Any CPU
		{DC3B924B-D26D-407C-8F5F-38AE12DD3689}.Debug|Any CPU.ActiveCfg = Debug|Any CPU
		{DC3B924B-D26D-407C-8F5F-38AE12DD3689}.Debug|Any CPU.Build.0 = Debug|Any CPU
		{DC3B924B-D26D-407C-8F5F-38AE12DD3689}.Debug|x64.ActiveCfg = Debug|Any CPU
		{DC3B924B-D26D-407C-8F5F-38AE12DD3689}.Debug|x64.Build.0 = Debug|Any CPU
		{DC3B924B-D26D-407C-8F5F-38AE12DD3689}.Debug|x86.ActiveCfg = Debug|Any CPU
		{DC3B924B-D26D-407C-8F5F-38AE12DD3689}.Debug|x86.Build.0 = Debug|Any CPU
		{DC3B924B-D26D-407C-8F5F-38AE12DD3689}.Release|Any CPU.ActiveCfg = Release|Any CPU
		{DC3B924B-D26D-407C-8F5F-38AE12DD3689}.Release|Any CPU.Build.0 = Release|Any CPU
		{DC3B924B-D26D-407C-8F5F-38AE12DD3689}.Release|x64.ActiveCfg = Release|Any CPU
		{DC3B924B-D26D-407C-8F5F-38AE12DD3689}.Release|x64.Build.0 = Release|Any CPU
		{DC3B924B-D26D-407C-8F5F-38AE12DD3689}.Release|x86.ActiveCfg = Release|Any CPU
		{DC3B924B-D26D-407C-8F5F-38AE12DD3689}.Release|x86.Build.0 = Release|Any CPU
		{5D6A8377-3D96-4E3D-82D2-5B894F276630}.Debug|Any CPU.ActiveCfg = Debug|Any CPU
		{5D6A8377-3D96-4E3D-82D2-5B894F276630}.Debug|Any CPU.Build.0 = Debug|Any CPU
		{5D6A8377-3D96-4E3D-82D2-5B894F276630}.Debug|x64.ActiveCfg = Debug|Any CPU
		{5D6A8377-3D96-4E3D-82D2-5B894F276630}.Debug|x64.Build.0 = Debug|Any CPU
		{5D6A8377-3D96-4E3D-82D2-5B894F276630}.Debug|x86.ActiveCfg = Debug|Any CPU
		{5D6A8377-3D96-4E3D-82D2-5B894F276630}.Debug|x86.Build.0 = Debug|Any CPU
		{5D6A8377-3D96-4E3D-82D2-5B894F276630}.Release|Any CPU.ActiveCfg = Release|Any CPU
		{5D6A8377-3D96-4E3D-82D2-5B894F276630}.Release|Any CPU.Build.0 = Release|Any CPU
		{5D6A8377-3D96-4E3D-82D2-5B894F276630}.Release|x64.ActiveCfg = Release|Any CPU
		{5D6A8377-3D96-4E3D-82D2-5B894F276630}.Release|x64.Build.0 = Release|Any CPU
		{5D6A8377-3D96-4E3D-82D2-5B894F276630}.Release|x86.ActiveCfg = Release|Any CPU
		{5D6A8377-3D96-4E3D-82D2-5B894F276630}.Release|x86.Build.0 = Release|Any CPU
		{3D892F18-D614-4ED5-A90A-49BF4AB016B4}.Debug|Any CPU.ActiveCfg = Debug|Any CPU
		{3D892F18-D614-4ED5-A90A-49BF4AB016B4}.Debug|Any CPU.Build.0 = Debug|Any CPU
		{3D892F18-D614-4ED5-A90A-49BF4AB016B4}.Debug|x64.ActiveCfg = Debug|Any CPU
		{3D892F18-D614-4ED5-A90A-49BF4AB016B4}.Debug|x64.Build.0 = Debug|Any CPU
		{3D892F18-D614-4ED5-A90A-49BF4AB016B4}.Debug|x86.ActiveCfg = Debug|Any CPU
		{3D892F18-D614-4ED5-A90A-49BF4AB016B4}.Debug|x86.Build.0 = Debug|Any CPU
		{3D892F18-D614-4ED5-A90A-49BF4AB016B4}.Release|Any CPU.ActiveCfg = Release|Any CPU
		{3D892F18-D614-4ED5-A90A-49BF4AB016B4}.Release|Any CPU.Build.0 = Release|Any CPU
		{3D892F18-D614-4ED5-A90A-49BF4AB016B4}.Release|x64.ActiveCfg = Release|Any CPU
		{3D892F18-D614-4ED5-A90A-49BF4AB016B4}.Release|x64.Build.0 = Release|Any CPU
		{3D892F18-D614-4ED5-A90A-49BF4AB016B4}.Release|x86.ActiveCfg = Release|Any CPU
		{3D892F18-D614-4ED5-A90A-49BF4AB016B4}.Release|x86.Build.0 = Release|Any CPU
		{B36EE8CD-5077-4391-A012-400C82DAA0CE}.Debug|Any CPU.ActiveCfg = Debug|Any CPU
		{B36EE8CD-5077-4391-A012-400C82DAA0CE}.Debug|Any CPU.Build.0 = Debug|Any CPU
		{B36EE8CD-5077-4391-A012-400C82DAA0CE}.Debug|x64.ActiveCfg = Debug|Any CPU
		{B36EE8CD-5077-4391-A012-400C82DAA0CE}.Debug|x64.Build.0 = Debug|Any CPU
		{B36EE8CD-5077-4391-A012-400C82DAA0CE}.Debug|x86.ActiveCfg = Debug|Any CPU
		{B36EE8CD-5077-4391-A012-400C82DAA0CE}.Debug|x86.Build.0 = Debug|Any CPU
		{B36EE8CD-5077-4391-A012-400C82DAA0CE}.Release|Any CPU.ActiveCfg = Release|Any CPU
		{B36EE8CD-5077-4391-A012-400C82DAA0CE}.Release|Any CPU.Build.0 = Release|Any CPU
		{B36EE8CD-5077-4391-A012-400C82DAA0CE}.Release|x64.ActiveCfg = Release|Any CPU
		{B36EE8CD-5077-4391-A012-400C82DAA0CE}.Release|x64.Build.0 = Release|Any CPU
		{B36EE8CD-5077-4391-A012-400C82DAA0CE}.Release|x86.ActiveCfg = Release|Any CPU
		{B36EE8CD-5077-4391-A012-400C82DAA0CE}.Release|x86.Build.0 = Release|Any CPU
		{5443280D-6765-4A88-A645-8BF154566B22}.Debug|Any CPU.ActiveCfg = Debug|Any CPU
		{5443280D-6765-4A88-A645-8BF154566B22}.Debug|Any CPU.Build.0 = Debug|Any CPU
		{5443280D-6765-4A88-A645-8BF154566B22}.Debug|x64.ActiveCfg = Debug|Any CPU
		{5443280D-6765-4A88-A645-8BF154566B22}.Debug|x64.Build.0 = Debug|Any CPU
		{5443280D-6765-4A88-A645-8BF154566B22}.Debug|x86.ActiveCfg = Debug|Any CPU
		{5443280D-6765-4A88-A645-8BF154566B22}.Debug|x86.Build.0 = Debug|Any CPU
		{5443280D-6765-4A88-A645-8BF154566B22}.Release|Any CPU.ActiveCfg = Release|Any CPU
		{5443280D-6765-4A88-A645-8BF154566B22}.Release|Any CPU.Build.0 = Release|Any CPU
		{5443280D-6765-4A88-A645-8BF154566B22}.Release|x64.ActiveCfg = Release|Any CPU
		{5443280D-6765-4A88-A645-8BF154566B22}.Release|x64.Build.0 = Release|Any CPU
		{5443280D-6765-4A88-A645-8BF154566B22}.Release|x86.ActiveCfg = Release|Any CPU
		{5443280D-6765-4A88-A645-8BF154566B22}.Release|x86.Build.0 = Release|Any CPU
		{C7B7FE09-5F0C-42A2-B737-8B96ECB922CD}.Debug|Any CPU.ActiveCfg = Debug|Any CPU
		{C7B7FE09-5F0C-42A2-B737-8B96ECB922CD}.Debug|Any CPU.Build.0 = Debug|Any CPU
		{C7B7FE09-5F0C-42A2-B737-8B96ECB922CD}.Debug|x64.ActiveCfg = Debug|Any CPU
		{C7B7FE09-5F0C-42A2-B737-8B96ECB922CD}.Debug|x64.Build.0 = Debug|Any CPU
		{C7B7FE09-5F0C-42A2-B737-8B96ECB922CD}.Debug|x86.ActiveCfg = Debug|Any CPU
		{C7B7FE09-5F0C-42A2-B737-8B96ECB922CD}.Debug|x86.Build.0 = Debug|Any CPU
		{C7B7FE09-5F0C-42A2-B737-8B96ECB922CD}.Release|Any CPU.ActiveCfg = Release|Any CPU
		{C7B7FE09-5F0C-42A2-B737-8B96ECB922CD}.Release|Any CPU.Build.0 = Release|Any CPU
		{C7B7FE09-5F0C-42A2-B737-8B96ECB922CD}.Release|x64.ActiveCfg = Release|Any CPU
		{C7B7FE09-5F0C-42A2-B737-8B96ECB922CD}.Release|x64.Build.0 = Release|Any CPU
		{C7B7FE09-5F0C-42A2-B737-8B96ECB922CD}.Release|x86.ActiveCfg = Release|Any CPU
		{C7B7FE09-5F0C-42A2-B737-8B96ECB922CD}.Release|x86.Build.0 = Release|Any CPU
		{CF6D4411-9240-4393-9C8E-81A3FADD9CE8}.Debug|Any CPU.ActiveCfg = Debug|Any CPU
		{CF6D4411-9240-4393-9C8E-81A3FADD9CE8}.Debug|Any CPU.Build.0 = Debug|Any CPU
		{CF6D4411-9240-4393-9C8E-81A3FADD9CE8}.Debug|x64.ActiveCfg = Debug|Any CPU
		{CF6D4411-9240-4393-9C8E-81A3FADD9CE8}.Debug|x64.Build.0 = Debug|Any CPU
		{CF6D4411-9240-4393-9C8E-81A3FADD9CE8}.Debug|x86.ActiveCfg = Debug|Any CPU
		{CF6D4411-9240-4393-9C8E-81A3FADD9CE8}.Debug|x86.Build.0 = Debug|Any CPU
		{CF6D4411-9240-4393-9C8E-81A3FADD9CE8}.Release|Any CPU.ActiveCfg = Release|Any CPU
		{CF6D4411-9240-4393-9C8E-81A3FADD9CE8}.Release|Any CPU.Build.0 = Release|Any CPU
		{CF6D4411-9240-4393-9C8E-81A3FADD9CE8}.Release|x64.ActiveCfg = Release|Any CPU
		{CF6D4411-9240-4393-9C8E-81A3FADD9CE8}.Release|x64.Build.0 = Release|Any CPU
		{CF6D4411-9240-4393-9C8E-81A3FADD9CE8}.Release|x86.ActiveCfg = Release|Any CPU
		{CF6D4411-9240-4393-9C8E-81A3FADD9CE8}.Release|x86.Build.0 = Release|Any CPU
		{7D1F02CB-E04C-4941-9A31-16F2239C34C3}.Debug|Any CPU.ActiveCfg = Debug|Any CPU
		{7D1F02CB-E04C-4941-9A31-16F2239C34C3}.Debug|Any CPU.Build.0 = Debug|Any CPU
		{7D1F02CB-E04C-4941-9A31-16F2239C34C3}.Debug|x64.ActiveCfg = Debug|Any CPU
		{7D1F02CB-E04C-4941-9A31-16F2239C34C3}.Debug|x64.Build.0 = Debug|Any CPU
		{7D1F02CB-E04C-4941-9A31-16F2239C34C3}.Debug|x86.ActiveCfg = Debug|Any CPU
		{7D1F02CB-E04C-4941-9A31-16F2239C34C3}.Debug|x86.Build.0 = Debug|Any CPU
		{7D1F02CB-E04C-4941-9A31-16F2239C34C3}.Release|Any CPU.ActiveCfg = Release|Any CPU
		{7D1F02CB-E04C-4941-9A31-16F2239C34C3}.Release|Any CPU.Build.0 = Release|Any CPU
		{7D1F02CB-E04C-4941-9A31-16F2239C34C3}.Release|x64.ActiveCfg = Release|Any CPU
		{7D1F02CB-E04C-4941-9A31-16F2239C34C3}.Release|x64.Build.0 = Release|Any CPU
		{7D1F02CB-E04C-4941-9A31-16F2239C34C3}.Release|x86.ActiveCfg = Release|Any CPU
		{7D1F02CB-E04C-4941-9A31-16F2239C34C3}.Release|x86.Build.0 = Release|Any CPU
		{1A736E30-C67F-4218-9AFF-AE7E2F55E58C}.Debug|Any CPU.ActiveCfg = Debug|Any CPU
		{1A736E30-C67F-4218-9AFF-AE7E2F55E58C}.Debug|Any CPU.Build.0 = Debug|Any CPU
		{1A736E30-C67F-4218-9AFF-AE7E2F55E58C}.Debug|x64.ActiveCfg = Debug|Any CPU
		{1A736E30-C67F-4218-9AFF-AE7E2F55E58C}.Debug|x64.Build.0 = Debug|Any CPU
		{1A736E30-C67F-4218-9AFF-AE7E2F55E58C}.Debug|x86.ActiveCfg = Debug|Any CPU
		{1A736E30-C67F-4218-9AFF-AE7E2F55E58C}.Debug|x86.Build.0 = Debug|Any CPU
		{1A736E30-C67F-4218-9AFF-AE7E2F55E58C}.Release|Any CPU.ActiveCfg = Release|Any CPU
		{1A736E30-C67F-4218-9AFF-AE7E2F55E58C}.Release|Any CPU.Build.0 = Release|Any CPU
		{1A736E30-C67F-4218-9AFF-AE7E2F55E58C}.Release|x64.ActiveCfg = Release|Any CPU
		{1A736E30-C67F-4218-9AFF-AE7E2F55E58C}.Release|x64.Build.0 = Release|Any CPU
		{1A736E30-C67F-4218-9AFF-AE7E2F55E58C}.Release|x86.ActiveCfg = Release|Any CPU
		{1A736E30-C67F-4218-9AFF-AE7E2F55E58C}.Release|x86.Build.0 = Release|Any CPU
		{22DB88A3-2F33-4D81-96EC-15A5CC2D2205}.Debug|Any CPU.ActiveCfg = Debug|Any CPU
		{22DB88A3-2F33-4D81-96EC-15A5CC2D2205}.Debug|Any CPU.Build.0 = Debug|Any CPU
		{22DB88A3-2F33-4D81-96EC-15A5CC2D2205}.Debug|x64.ActiveCfg = Debug|Any CPU
		{22DB88A3-2F33-4D81-96EC-15A5CC2D2205}.Debug|x64.Build.0 = Debug|Any CPU
		{22DB88A3-2F33-4D81-96EC-15A5CC2D2205}.Debug|x86.ActiveCfg = Debug|Any CPU
		{22DB88A3-2F33-4D81-96EC-15A5CC2D2205}.Debug|x86.Build.0 = Debug|Any CPU
		{22DB88A3-2F33-4D81-96EC-15A5CC2D2205}.Release|Any CPU.ActiveCfg = Release|Any CPU
		{22DB88A3-2F33-4D81-96EC-15A5CC2D2205}.Release|Any CPU.Build.0 = Release|Any CPU
		{22DB88A3-2F33-4D81-96EC-15A5CC2D2205}.Release|x64.ActiveCfg = Release|Any CPU
		{22DB88A3-2F33-4D81-96EC-15A5CC2D2205}.Release|x64.Build.0 = Release|Any CPU
		{22DB88A3-2F33-4D81-96EC-15A5CC2D2205}.Release|x86.ActiveCfg = Release|Any CPU
		{22DB88A3-2F33-4D81-96EC-15A5CC2D2205}.Release|x86.Build.0 = Release|Any CPU
		{8F903863-B257-47E6-9F5C-2F39D602B3B4}.Debug|Any CPU.ActiveCfg = Debug|Any CPU
		{8F903863-B257-47E6-9F5C-2F39D602B3B4}.Debug|Any CPU.Build.0 = Debug|Any CPU
		{8F903863-B257-47E6-9F5C-2F39D602B3B4}.Debug|x64.ActiveCfg = Debug|Any CPU
		{8F903863-B257-47E6-9F5C-2F39D602B3B4}.Debug|x64.Build.0 = Debug|Any CPU
		{8F903863-B257-47E6-9F5C-2F39D602B3B4}.Debug|x86.ActiveCfg = Debug|Any CPU
		{8F903863-B257-47E6-9F5C-2F39D602B3B4}.Debug|x86.Build.0 = Debug|Any CPU
		{8F903863-B257-47E6-9F5C-2F39D602B3B4}.Release|Any CPU.ActiveCfg = Release|Any CPU
		{8F903863-B257-47E6-9F5C-2F39D602B3B4}.Release|Any CPU.Build.0 = Release|Any CPU
		{8F903863-B257-47E6-9F5C-2F39D602B3B4}.Release|x64.ActiveCfg = Release|Any CPU
		{8F903863-B257-47E6-9F5C-2F39D602B3B4}.Release|x64.Build.0 = Release|Any CPU
		{8F903863-B257-47E6-9F5C-2F39D602B3B4}.Release|x86.ActiveCfg = Release|Any CPU
		{8F903863-B257-47E6-9F5C-2F39D602B3B4}.Release|x86.Build.0 = Release|Any CPU
		{FA45ED1F-A98E-4E52-975D-07316C48911A}.Debug|Any CPU.ActiveCfg = Debug|Any CPU
		{FA45ED1F-A98E-4E52-975D-07316C48911A}.Debug|Any CPU.Build.0 = Debug|Any CPU
		{FA45ED1F-A98E-4E52-975D-07316C48911A}.Debug|x64.ActiveCfg = Debug|Any CPU
		{FA45ED1F-A98E-4E52-975D-07316C48911A}.Debug|x64.Build.0 = Debug|Any CPU
		{FA45ED1F-A98E-4E52-975D-07316C48911A}.Debug|x86.ActiveCfg = Debug|Any CPU
		{FA45ED1F-A98E-4E52-975D-07316C48911A}.Debug|x86.Build.0 = Debug|Any CPU
		{FA45ED1F-A98E-4E52-975D-07316C48911A}.Release|Any CPU.ActiveCfg = Release|Any CPU
		{FA45ED1F-A98E-4E52-975D-07316C48911A}.Release|Any CPU.Build.0 = Release|Any CPU
		{FA45ED1F-A98E-4E52-975D-07316C48911A}.Release|x64.ActiveCfg = Release|Any CPU
		{FA45ED1F-A98E-4E52-975D-07316C48911A}.Release|x64.Build.0 = Release|Any CPU
		{FA45ED1F-A98E-4E52-975D-07316C48911A}.Release|x86.ActiveCfg = Release|Any CPU
		{FA45ED1F-A98E-4E52-975D-07316C48911A}.Release|x86.Build.0 = Release|Any CPU
		{E3E887A0-36D3-4F3C-B028-8B850A03882A}.Debug|Any CPU.ActiveCfg = Debug|Any CPU
		{E3E887A0-36D3-4F3C-B028-8B850A03882A}.Debug|Any CPU.Build.0 = Debug|Any CPU
		{E3E887A0-36D3-4F3C-B028-8B850A03882A}.Debug|x64.ActiveCfg = Debug|Any CPU
		{E3E887A0-36D3-4F3C-B028-8B850A03882A}.Debug|x64.Build.0 = Debug|Any CPU
		{E3E887A0-36D3-4F3C-B028-8B850A03882A}.Debug|x86.ActiveCfg = Debug|Any CPU
		{E3E887A0-36D3-4F3C-B028-8B850A03882A}.Debug|x86.Build.0 = Debug|Any CPU
		{E3E887A0-36D3-4F3C-B028-8B850A03882A}.Release|Any CPU.ActiveCfg = Release|Any CPU
		{E3E887A0-36D3-4F3C-B028-8B850A03882A}.Release|Any CPU.Build.0 = Release|Any CPU
		{E3E887A0-36D3-4F3C-B028-8B850A03882A}.Release|x64.ActiveCfg = Release|Any CPU
		{E3E887A0-36D3-4F3C-B028-8B850A03882A}.Release|x64.Build.0 = Release|Any CPU
		{E3E887A0-36D3-4F3C-B028-8B850A03882A}.Release|x86.ActiveCfg = Release|Any CPU
		{E3E887A0-36D3-4F3C-B028-8B850A03882A}.Release|x86.Build.0 = Release|Any CPU
		{3E3C6E92-F01C-48DA-9F42-343347C1444C}.Debug|Any CPU.ActiveCfg = Debug|Any CPU
		{3E3C6E92-F01C-48DA-9F42-343347C1444C}.Debug|Any CPU.Build.0 = Debug|Any CPU
		{3E3C6E92-F01C-48DA-9F42-343347C1444C}.Debug|x64.ActiveCfg = Debug|Any CPU
		{3E3C6E92-F01C-48DA-9F42-343347C1444C}.Debug|x64.Build.0 = Debug|Any CPU
		{3E3C6E92-F01C-48DA-9F42-343347C1444C}.Debug|x86.ActiveCfg = Debug|Any CPU
		{3E3C6E92-F01C-48DA-9F42-343347C1444C}.Debug|x86.Build.0 = Debug|Any CPU
		{3E3C6E92-F01C-48DA-9F42-343347C1444C}.Release|Any CPU.ActiveCfg = Release|Any CPU
		{3E3C6E92-F01C-48DA-9F42-343347C1444C}.Release|Any CPU.Build.0 = Release|Any CPU
		{3E3C6E92-F01C-48DA-9F42-343347C1444C}.Release|x64.ActiveCfg = Release|Any CPU
		{3E3C6E92-F01C-48DA-9F42-343347C1444C}.Release|x64.Build.0 = Release|Any CPU
		{3E3C6E92-F01C-48DA-9F42-343347C1444C}.Release|x86.ActiveCfg = Release|Any CPU
		{3E3C6E92-F01C-48DA-9F42-343347C1444C}.Release|x86.Build.0 = Release|Any CPU
	EndGlobalSection
	GlobalSection(SolutionProperties) = preSolution
		HideSolutionNode = FALSE
	EndGlobalSection
	GlobalSection(NestedProjects) = preSolution
		{8A8981E2-D8CF-5738-EA28-465888CC77BE} = {54C27F26-71CB-9721-02CF-9E5332C2F895}
		{63741CF5-ED61-4445-80AE-B96265CB2DDD} = {8A8981E2-D8CF-5738-EA28-465888CC77BE}
		{C29208A2-C43B-45BE-9EF1-22B5B01ECC9E} = {8A8981E2-D8CF-5738-EA28-465888CC77BE}
		{279FC39F-F2FD-9AC2-7160-D811D2946CA3} = {54C27F26-71CB-9721-02CF-9E5332C2F895}
		{D037AC52-094F-458F-996A-11431537AB91} = {279FC39F-F2FD-9AC2-7160-D811D2946CA3}
		{DC3B924B-D26D-407C-8F5F-38AE12DD3689} = {279FC39F-F2FD-9AC2-7160-D811D2946CA3}
		{5D6A8377-3D96-4E3D-82D2-5B894F276630} = {279FC39F-F2FD-9AC2-7160-D811D2946CA3}
		{3D892F18-D614-4ED5-A90A-49BF4AB016B4} = {54C27F26-71CB-9721-02CF-9E5332C2F895}
		{8FEBD44B-8872-89EC-EC48-C2B4CBD207A1} = {09A3CD98-30D0-D550-8268-2DAE7250A6CE}
		{B36EE8CD-5077-4391-A012-400C82DAA0CE} = {8FEBD44B-8872-89EC-EC48-C2B4CBD207A1}
		{B204DD80-FD69-0A91-5811-46DCC9137C25} = {09A3CD98-30D0-D550-8268-2DAE7250A6CE}
		{5443280D-6765-4A88-A645-8BF154566B22} = {B204DD80-FD69-0A91-5811-46DCC9137C25}
		{C7B7FE09-5F0C-42A2-B737-8B96ECB922CD} = {09A3CD98-30D0-D550-8268-2DAE7250A6CE}
		{CF6D4411-9240-4393-9C8E-81A3FADD9CE8} = {B204DD80-FD69-0A91-5811-46DCC9137C25}
		{1A736E30-C67F-4218-9AFF-AE7E2F55E58C} = {8FEBD44B-8872-89EC-EC48-C2B4CBD207A1}
		{22DB88A3-2F33-4D81-96EC-15A5CC2D2205} = {B204DD80-FD69-0A91-5811-46DCC9137C25}
		{8F903863-B257-47E6-9F5C-2F39D602B3B4} = {7692A8B2-2E74-F41C-E710-8AE95D36E39B}
		{4DF0DACA-0AAF-7F73-908B-7241FAD972C3} = {7692A8B2-2E74-F41C-E710-8AE95D36E39B}
		{FA45ED1F-A98E-4E52-975D-07316C48911A} = {4DF0DACA-0AAF-7F73-908B-7241FAD972C3}
		{DF83A060-3040-B733-B9C6-0EA8EE7CACD5} = {7692A8B2-2E74-F41C-E710-8AE95D36E39B}
		{E3E887A0-36D3-4F3C-B028-8B850A03882A} = {DF83A060-3040-B733-B9C6-0EA8EE7CACD5}
		{3E3C6E92-F01C-48DA-9F42-343347C1444C} = {4DF0DACA-0AAF-7F73-908B-7241FAD972C3}
	EndGlobalSection
EndGlobal
